
Microsoft Visual Studio Solution File, Format Version 12.00
# Visual Studio Version 17
VisualStudioVersion = 17.0.31919.166
MinimumVisualStudioVersion = 10.0.40219.1
Project("{FAE04EC0-301F-11D3-BF4B-00C04F79EFBC}") = "ParcelTrackingSystem", "ParcelTrackingSystem.csproj", "{04B16D18-BAB7-4909-9AA5-A175F308B380}"
EndProject
Global
	GlobalSection(SolutionConfigurationPlatforms) = preSolution
		Debug|Any CPU = Debug|Any CPU
		Release|Any CPU = Release|Any CPU
	EndGlobalSection
	GlobalSection(ProjectConfigurationPlatforms) = postSolution
		{04B16D18-BAB7-4909-9AA5-A175F308B380}.Debug|Any CPU.ActiveCfg = Debug|Any CPU
		{04B16D18-BAB7-4909-9AA5-A175F308B380}.Debug|Any CPU.Build.0 = Debug|Any CPU
		{04B16D18-BAB7-4909-9AA5-A175F308B380}.Release|Any CPU.ActiveCfg = Release|Any CPU
		{04B16D18-BAB7-4909-9AA5-A175F308B380}.Release|Any CPU.Build.0 = Release|Any CPU
	EndGlobalSection
	GlobalSection(SolutionProperties) = preSolution
		HideSolutionNode = FALSE
	EndGlobalSection
	GlobalSection(ExtensibilityGlobals) = postSolution
		SolutionGuid = {D9B1AD87-B32A-4C09-B3F5-BA029C679858}
	EndGlobalSection
EndGlobal
